
Microsoft Visual Studio Solution File, Format Version 12.00
# Visual Studio Version 16
VisualStudioVersion = 16.0.31321.278
MinimumVisualStudioVersion = 10.0.40219.1
Project("{FAE04EC0-301F-11D3-BF4B-00C04F79EFBC}") = "Library.Data", "src\Library.Data\Library.Data.csproj", "{561D7E9B-E762-40D8-B7FC-AC972B18720E}"
EndProject
Project("{FAE04EC0-301F-11D3-BF4B-00C04F79EFBC}") = "Library.Business", "src\Library.Business\Library.Business.csproj", "{A3D5F069-E658-4D7E-90D2-0D30F14A3184}"
EndProject
Project("{FAE04EC0-301F-11D3-BF4B-00C04F79EFBC}") = "Library.Api", "src\Library.Api\Library.Api.csproj", "{3D8AF0F7-64C8-4F7E-A2FC-297154D080CB}"
EndProject
Global
	GlobalSection(SolutionConfigurationPlatforms) = preSolution
		Debug|Any CPU = Debug|Any CPU
		Release|Any CPU = Release|Any CPU
	EndGlobalSection
	GlobalSection(ProjectConfigurationPlatforms) = postSolution
		{561D7E9B-E762-40D8-B7FC-AC972B18720E}.Debug|Any CPU.ActiveCfg = Debug|Any CPU
		{561D7E9B-E762-40D8-B7FC-AC972B18720E}.Debug|Any CPU.Build.0 = Debug|Any CPU
		{561D7E9B-E762-40D8-B7FC-AC972B18720E}.Release|Any CPU.ActiveCfg = Release|Any CPU
		{561D7E9B-E762-40D8-B7FC-AC972B18720E}.Release|Any CPU.Build.0 = Release|Any CPU
		{A3D5F069-E658-4D7E-90D2-0D30F14A3184}.Debug|Any CPU.ActiveCfg = Debug|Any CPU
		{A3D5F069-E658-4D7E-90D2-0D30F14A3184}.Debug|Any CPU.Build.0 = Debug|Any CPU
		{A3D5F069-E658-4D7E-90D2-0D30F14A3184}.Release|Any CPU.ActiveCfg = Release|Any CPU
		{A3D5F069-E658-4D7E-90D2-0D30F14A3184}.Release|Any CPU.Build.0 = Release|Any CPU
		{3D8AF0F7-64C8-4F7E-A2FC-297154D080CB}.Debug|Any CPU.ActiveCfg = Debug|Any CPU
		{3D8AF0F7-64C8-4F7E-A2FC-297154D080CB}.Debug|Any CPU.Build.0 = Debug|Any CPU
		{3D8AF0F7-64C8-4F7E-A2FC-297154D080CB}.Release|Any CPU.ActiveCfg = Release|Any CPU
		{3D8AF0F7-64C8-4F7E-A2FC-297154D080CB}.Release|Any CPU.Build.0 = Release|Any CPU
	EndGlobalSection
	GlobalSection(SolutionProperties) = preSolution
		HideSolutionNode = FALSE
	EndGlobalSection
	GlobalSection(ExtensibilityGlobals) = postSolution
		SolutionGuid = {0EC9E075-B425-428A-90BB-CBBBD0F54A41}
	EndGlobalSection
EndGlobal
